
Microsoft Visual Studio Solution File, Format Version 12.00
# Visual Studio Version 17
VisualStudioVersion = 17.4.33213.308
MinimumVisualStudioVersion = 10.0.40219.1
Project("{FAE04EC0-301F-11D3-BF4B-00C04F79EFBC}") = "Muhu_SL", "Muhu_SL.csproj", "{D0370F26-1106-4979-80C0-2C90596E86C8}"
EndProject
Global
	GlobalSection(SolutionConfigurationPlatforms) = preSolution
		Debug|Any CPU = Debug|Any CPU
		Release|Any CPU = Release|Any CPU
	EndGlobalSection
	GlobalSection(ProjectConfigurationPlatforms) = postSolution
		{D0370F26-1106-4979-80C0-2C90596E86C8}.Debug|Any CPU.ActiveCfg = Debug|Any CPU
		{D0370F26-1106-4979-80C0-2C90596E86C8}.Debug|Any CPU.Build.0 = Debug|Any CPU
		{D0370F26-1106-4979-80C0-2C90596E86C8}.Release|Any CPU.ActiveCfg = Release|Any CPU
		{D0370F26-1106-4979-80C0-2C90596E86C8}.Release|Any CPU.Build.0 = Release|Any CPU
	EndGlobalSection
	GlobalSection(SolutionProperties) = preSolution
		HideSolutionNode = FALSE
	EndGlobalSection
	GlobalSection(ExtensibilityGlobals) = postSolution
		SolutionGuid = {D2E2115B-E5B3-469E-A3CE-3B4934EBB61A}
	EndGlobalSection
EndGlobal
